PODS:
  - Berbix (3.1.0):
    - BerbixAdvanced (= 0.2.0)
  - BerbixAdvanced (0.2.0)

DEPENDENCIES:
  - Berbix (= 3.1.0)

SPEC REPOS:
  "git@github.com:berbix/berbix-ios-spec.git":
    - Berbix
    - BerbixAdvanced

SPEC CHECKSUMS:
  Berbix: 4437194569af94e5b569cb84b3d8799daf80a221
  BerbixAdvanced: dd2c799d913ae4e11a854e6713febc38b3493129

PODFILE CHECKSUM: b60c1b7085a13f0ab943a355f2166c2bd7d06f30

COCOAPODS: 1.11.3
